{
  "projects": [
    {
      "projectId": "j4GFx2qhbcsQ1YV8DmhFQd",
      "version": "latest",
      "dependencies": {
        "sqPBLwEBBKHA2WDuGb17eV": "2.1.0"
      },
      "lang": "ts",
      "fileLocks": [
        {
          "type": "globalVariant",
          "assetId": "r3RQgMpnC9nN",
          "checksum": "106be8bfe6b3440f0a56fd3ff81b6b01"
        },
        {
          "type": "renderModule",
          "assetId": "RQd2XImogh94",
          "checksum": "2fea5ba5620ee426b50ce31185c01183"
        },
        {
          "type": "cssRules",
          "assetId": "RQd2XImogh94",
          "checksum": "2fea5ba5620ee426b50ce31185c01183"
        },
        {
          "type": "icon",
          "assetId": "oCHfsnbRGB5V",
          "checksum": "3be500abcd7d32553ca726d16ee80dff"
        },
        {
          "type": "icon",
          "assetId": "DPSjUqfmsQUP",
          "checksum": "2afc94d86f1ff60d5b3f4739b1776669"
        },
        {
          "type": "icon",
          "assetId": "sptXliGkU9fG",
          "checksum": "94cfc3c50ed343d0cbda9254bb2fa8f2"
        },
        {
          "type": "icon",
          "assetId": "UGRoytIv-udN",
          "checksum": "458bed9db997d45c6c6e0fca157968c2"
        },
        {
          "type": "icon",
          "assetId": "9JomkNa53R_E",
          "checksum": "e8a1841e230819067c79a2dfd818da66"
        },
        {
          "type": "icon",
          "assetId": "ynnVXEyJ_6Cm",
          "checksum": "96fdf724f6af29ce5e22ebf1ef710661"
        },
        {
          "type": "icon",
          "assetId": "w1NM-70RMc0q",
          "checksum": "9fb8e290d95f4d7641c9406c26e080c0"
        },
        {
          "type": "icon",
          "assetId": "SiXCuAZVEwcU",
          "checksum": "172991e965bc43ad3456e146ccf0f73d"
        },
        {
          "type": "icon",
          "assetId": "3G8CUUcsNiiA",
          "checksum": "29e18f0972c26a2daaacf05e7c96f594"
        },
        {
          "type": "icon",
          "assetId": "yB6Ys4h6jbdo",
          "checksum": "4d2c6708dd9b644ac27b1928749a4484"
        },
        {
          "type": "icon",
          "assetId": "lxly0Kb7OcXE",
          "checksum": "d29d08db17f62739ca79f9aa795b02d5"
        },
        {
          "type": "icon",
          "assetId": "rTS2SR437x95",
          "checksum": "3f35ba73f2b67e462e1fe43e8f2bd224"
        },
        {
          "type": "icon",
          "assetId": "QdZwyhgzj-pW",
          "checksum": "2ecf3b387ab1fc9045485046aa995cd3"
        },
        {
          "type": "icon",
          "assetId": "N58okLyozmbv",
          "checksum": "942ac1ece8828d72831d0b2596d6e879"
        },
        {
          "type": "icon",
          "assetId": "DNOC6vxVbV8N",
          "checksum": "057eebfc5f4ea78c884fd638564ebf33"
        },
        {
          "type": "icon",
          "assetId": "NIF2aiaK3uBm",
          "checksum": "0df5102406aafeb99229253458804e14"
        },
        {
          "type": "icon",
          "assetId": "XOQaIELOty3Q",
          "checksum": "40bf3a30e4a146d2f74551e37f181724"
        },
        {
          "type": "icon",
          "assetId": "atlq18mI0NAN",
          "checksum": "c2bfee18df2ecc0741d67433e4f60769"
        },
        {
          "type": "icon",
          "assetId": "QXmiVSg96wai",
          "checksum": "266c80095f0629988de0859393a62625"
        },
        {
          "type": "icon",
          "assetId": "YWIB4w_9Dn5r",
          "checksum": "71ea825fe8070b3e5d77ffb7b5eae3da"
        },
        {
          "type": "icon",
          "assetId": "5TA5yLxk0Kx8",
          "checksum": "72bfa17669deca3a57171943390ccac7"
        },
        {
          "type": "icon",
          "assetId": "VvCGjBgFEH9x",
          "checksum": "b2523a2b18fb5d6c9cf04f0ed8a987d8"
        },
        {
          "type": "icon",
          "assetId": "SKU_JWrzyJU6",
          "checksum": "d2bc000c4db19abdff41fbd053906163"
        },
        {
          "type": "icon",
          "assetId": "-xoaOaOFTMQ8",
          "checksum": "f7ca08ab8a001f82fa732715a874f7ce"
        },
        {
          "type": "icon",
          "assetId": "F5N2_nzqOVyZ",
          "checksum": "a4e409eee1e670139b1f730c5cb7fa9a"
        },
        {
          "type": "icon",
          "assetId": "ZzkoGzLKYh9Q",
          "checksum": "fcac64fe3ee3735674e12d92433157e2"
        },
        {
          "type": "icon",
          "assetId": "KuEJB3RLDllF",
          "checksum": "831b3a7c8b420bc2f5113e6844a4d338"
        },
        {
          "type": "icon",
          "assetId": "vPhJ0DuJr_A3",
          "checksum": "7db075aabbd0675e7aa57cbdd8c45d2b"
        },
        {
          "type": "icon",
          "assetId": "VoimnJqy_qgX",
          "checksum": "3d2bf7ece0177d710b3ad058b0e71e0d"
        },
        {
          "type": "icon",
          "assetId": "XKu-KewqkgEE",
          "checksum": "944fb28713437f2edac58e4a6bada316"
        },
        {
          "type": "icon",
          "assetId": "QucgMeDiSm0k",
          "checksum": "5912ccd3b3f8ccf4f100269854747825"
        },
        {
          "type": "icon",
          "assetId": "8Dm1cFHBBuar",
          "checksum": "ccadba7b57a9199d381e55a99c830d38"
        },
        {
          "type": "icon",
          "assetId": "Mzm3h3uRjmTX",
          "checksum": "c970f14382a116e47d0a86212f5dd875"
        },
        {
          "type": "icon",
          "assetId": "zzGjSDx0XDLc",
          "checksum": "a6c5a2ccea7ecb93f30f61d4bb784c33"
        },
        {
          "type": "icon",
          "assetId": "_V4qVTjqf_Tn",
          "checksum": "bcb79b92a4607f013e0b6890f13da0a9"
        },
        {
          "type": "icon",
          "assetId": "0dz_HaZ1uy0s",
          "checksum": "4b9d1078fa3d5e0ba042c53f400680c7"
        },
        {
          "type": "icon",
          "assetId": "JAYksmq7S8jH",
          "checksum": "3bbbb1df5cc599022dd5668d1cfe1c32"
        },
        {
          "type": "icon",
          "assetId": "zM2hrq7yBsjG",
          "checksum": "f541c5f7070cf12d52cfd12a0b60491d"
        },
        {
          "type": "icon",
          "assetId": "4M0veT1mrmP7",
          "checksum": "5382b4e7274c4b6a26968e278a171b66"
        },
        {
          "type": "icon",
          "assetId": "q37D0OvWdpCP",
          "checksum": "5b680624bf5a97f2811d12b0ae2d89d6"
        },
        {
          "type": "icon",
          "assetId": "uRBzpXHg3mUX",
          "checksum": "e2aadb96cbac76375cfe7667906dbe9f"
        },
        {
          "type": "icon",
          "assetId": "YAPvCgKqWdwZ",
          "checksum": "613880dade4ae16a1d3b2729d1ce5e10"
        },
        {
          "type": "icon",
          "assetId": "j0KzmVmYoPAM",
          "checksum": "f3f72bca6ecfeb38492d96f9b22c3e6f"
        },
        {
          "type": "icon",
          "assetId": "1NNlRzhjSXLa",
          "checksum": "8c65c46eec61f6b055da82a7e8254697"
        },
        {
          "type": "icon",
          "assetId": "KyIDv1fqCU55",
          "checksum": "505c9d6fe75628d548c5cb4b9cc4526f"
        },
        {
          "type": "icon",
          "assetId": "iMwD-YcrdHtg",
          "checksum": "0907005386c09fd5d6e60780b51ebc8e"
        },
        {
          "type": "icon",
          "assetId": "rE1CDiRK-EcY",
          "checksum": "c2de868732b806f2e768d2dcc3df3a21"
        },
        {
          "type": "icon",
          "assetId": "4YnuvHs4d0X6",
          "checksum": "b19e18b1823084f77a6738121bdd3a6d"
        },
        {
          "type": "icon",
          "assetId": "3OLZOhnLymx_",
          "checksum": "ee9e44c3ef1fb360bff32f2d5fcdc9d5"
        },
        {
          "type": "icon",
          "assetId": "KHel2yfbxvB1",
          "checksum": "3501b1e904dcfa53793bad64eb1fdab0"
        },
        {
          "type": "icon",
          "assetId": "zSEOhGiJKRlJ",
          "checksum": "dfc5ed3fdcacb3e1382a03ae55c8f47e"
        },
        {
          "type": "icon",
          "assetId": "sCcDuSPeBJuN",
          "checksum": "beeb9422da8b5fce303814921bb529b2"
        },
        {
          "type": "icon",
          "assetId": "y-cy5vySo7hP",
          "checksum": "7bb1e2d85352ecfaba3734b2a81b9218"
        },
        {
          "type": "icon",
          "assetId": "T3bPBoQEzDH9",
          "checksum": "6fd5c394a2985f050904ec4d762db099"
        },
        {
          "type": "icon",
          "assetId": "ee5U8zB-Sr6a",
          "checksum": "94715326826ed7a3a3212eedf5a0b0d6"
        },
        {
          "type": "icon",
          "assetId": "E_s1H7MSF2e6",
          "checksum": "1bd00b8b068a398612136e58e218fffd"
        },
        {
          "type": "icon",
          "assetId": "9gtkbJzlQESH",
          "checksum": "65d34ee2cc5208b03be27230bd08bd22"
        },
        {
          "type": "icon",
          "assetId": "vTSWdAVJqRG8",
          "checksum": "f45235a3b9667f3f62629f1b145d6aac"
        },
        {
          "type": "icon",
          "assetId": "ipHZoytxTWjK",
          "checksum": "867a52c64f591ca26a1959fe54b3b3d0"
        },
        {
          "type": "icon",
          "assetId": "Y-6QbUjgDpla",
          "checksum": "8dc81095bf1773b93088a9867b0e0a60"
        },
        {
          "type": "icon",
          "assetId": "niy3O1TA7fAk",
          "checksum": "da1284ea52b949a72dc280387422be21"
        },
        {
          "type": "icon",
          "assetId": "AJdjOFYfmMCh",
          "checksum": "776470784676464f96e74921b924523f"
        },
        {
          "type": "icon",
          "assetId": "yCOd4J4qaDmo",
          "checksum": "9a3a47c64bd2d8715e6c2aa42f922a51"
        },
        {
          "type": "icon",
          "assetId": "mhoXVbd7gg3J",
          "checksum": "ea1bfdca1f3e47734aecc570835581af"
        },
        {
          "type": "icon",
          "assetId": "Eou185h56IOv",
          "checksum": "e6f905a5777f2ba1fb12eb7f51446649"
        },
        {
          "type": "icon",
          "assetId": "92n7i0YPY6ml",
          "checksum": "915f80f4c66e96830ff5040279eddf8e"
        },
        {
          "type": "icon",
          "assetId": "AwPRcrCq2lH1",
          "checksum": "fa4fd13b6d697cd2a761760e0d396f02"
        },
        {
          "type": "icon",
          "assetId": "VT516HGObYZq",
          "checksum": "1ba8af6604f9a713f6c0d6877dec38b9"
        },
        {
          "type": "icon",
          "assetId": "TdynzJbZuPoT",
          "checksum": "8b701d832b37a3eb991e0f7901d67743"
        },
        {
          "type": "icon",
          "assetId": "TcRo6-EEb7FC",
          "checksum": "5f7f88cd887165051a28be705a798667"
        },
        {
          "type": "icon",
          "assetId": "WvINU8rrZHA6",
          "checksum": "7de02e0de450c30323231feaa1aed6bd"
        },
        {
          "type": "icon",
          "assetId": "CcALgCWfr_BC",
          "checksum": "490b50de4c0fe53db5585af84f705567"
        },
        {
          "type": "icon",
          "assetId": "iEqvuzsc1LCN",
          "checksum": "fbd93a8d1b6fee1b219ec33f9ebe4bd5"
        },
        {
          "type": "image",
          "assetId": "BJ20rEQIKL8X",
          "checksum": "ce114c15733dad6e99d25dbf4992db18"
        },
        {
          "type": "image",
          "assetId": "m1pL-KeNHX--",
          "checksum": "a44bb91a82c33fca1ff3e1cf68b92dfd"
        },
        {
          "type": "image",
          "assetId": "MXPiPoxJKMGA",
          "checksum": "4752241adfe63f989d7a2314752a6d0c"
        },
        {
          "type": "image",
          "assetId": "3PK9v1hCbMdD",
          "checksum": "f1a45b1f418fa424f87f80370080ffd0"
        },
        {
          "type": "image",
          "assetId": "mgfqxIiPc7wx",
          "checksum": "1ba0c923344edb97d94c89d6cb3873bd"
        },
        {
          "type": "image",
          "assetId": "N1963i07L2gI",
          "checksum": "21b3d09fe499f8e4ca42f42484f0089c"
        },
        {
          "type": "image",
          "assetId": "7lOg_K-0HiRQ",
          "checksum": "7926d8a7e9ad0103dc15e4442b7e6682"
        },
        {
          "type": "image",
          "assetId": "im91lK_KtyyD",
          "checksum": "a44ed99907eed0a8d365238947e0a627"
        },
        {
          "type": "image",
          "assetId": "BBcyvm7ajcD2",
          "checksum": "d20ed7cde545b8deea83c0d0b9dc32bf"
        },
        {
          "type": "image",
          "assetId": "Ipo0b3yjzkCb",
          "checksum": "025d24f582cf91d47e236d6b2e873dae"
        },
        {
          "type": "image",
          "assetId": "pijfG9NRAg8t",
          "checksum": "94894c2e02aaa7830d34c383b034a529"
        },
        {
          "type": "image",
          "assetId": "OJLRPIxgKWsf",
          "checksum": "78eb7ed8039977ca9ebbe6f530faf3ea"
        },
        {
          "type": "image",
          "assetId": "lhP6bpxocjfV",
          "checksum": "da1e936959f652d279f8a2c4992bda8a"
        },
        {
          "type": "image",
          "assetId": "IM04dDqytZUG",
          "checksum": "81a92d9f95cc4798ab6ed910d1442738"
        },
        {
          "type": "image",
          "assetId": "Dza3OwHbKA19",
          "checksum": "7e2c54ccd1879922cedebd49cd367fdd"
        },
        {
          "type": "image",
          "assetId": "Yzts3rDwLdWx",
          "checksum": "fa437e96d27dfbd9bad87b39840833d3"
        },
        {
          "type": "image",
          "assetId": "m_f08JWqVxeL",
          "checksum": "0061c2b396911ed0dec8ec9436084735"
        },
        {
          "type": "image",
          "assetId": "hJRuTZpp-Ti3",
          "checksum": "b8e75820255362bb46470a4b83123875"
        },
        {
          "type": "image",
          "assetId": "EHh6MkouZQEc",
          "checksum": "77d9f2a68921150c9060c2148deae392"
        },
        {
          "type": "image",
          "assetId": "W2aBRaj60-PJ",
          "checksum": "91075765e34744b4016aaacc1a78e408"
        },
        {
          "type": "image",
          "assetId": "XaOOwmaEdryM",
          "checksum": "a59461313b3220caaab7a00302253062"
        },
        {
          "type": "image",
          "assetId": "zS3dcGFoK21h",
          "checksum": "9361fbc261b7a8ad160a586f765c85b5"
        },
        {
          "type": "icon",
          "assetId": "DMW47WXbNIz6",
          "checksum": "4ecbddd6ea1b6b77980fa5c170a9d960"
        },
        {
          "type": "icon",
          "assetId": "tOsIpxee-X3G",
          "checksum": "ce5544eee6bbf2866173a806fbad219c"
        },
        {
          "type": "icon",
          "assetId": "YfWCT7zCZPw1",
          "checksum": "e00f22d0d9cf3599bed09b1a9f4892e8"
        },
        {
          "type": "icon",
          "assetId": "9jNVRtadNmRe",
          "checksum": "1343ad03b5dc084d7325f072b89a7048"
        },
        {
          "type": "icon",
          "assetId": "v8arYvePKyNH",
          "checksum": "10eedb7fefbf10fe1d48eb4620ab616e"
        },
        {
          "type": "icon",
          "assetId": "hKs2eLssHfGN",
          "checksum": "00deae6bbf291cea65694fac85badedc"
        },
        {
          "type": "icon",
          "assetId": "MjEfbtz6cY5S",
          "checksum": "c039915dd9b41732cc8da04fab2c30d7"
        },
        {
          "type": "icon",
          "assetId": "-B5xX5YM-82O",
          "checksum": "ce9bcecd43e98e2e93489fbffb90f4b0"
        },
        {
          "type": "icon",
          "assetId": "v_kbMb-cse2u",
          "checksum": "e6d317a45218eb47ed4ce0e956620fac"
        },
        {
          "type": "icon",
          "assetId": "CWzJF-nOQymk",
          "checksum": "bc70653a737337a63ec2aee1443a441f"
        },
        {
          "type": "image",
          "assetId": "gi7NsDkZvAwn",
          "checksum": "509b4f244ac98f390cfff6d66b647a82"
        },
        {
          "type": "image",
          "assetId": "vm03dJnLOSGS",
          "checksum": "c7d6ddc8bdd16fc012fa900a25f89aa5"
        },
        {
          "type": "image",
          "assetId": "qn7-kJwNV9OJ",
          "checksum": "64d709470e8899eed9d69f7425323fa0"
        },
        {
          "type": "image",
          "assetId": "0gIgbgegydpv",
          "checksum": "28d6ffce264aaf8b7b1e456b97251e44"
        },
        {
          "type": "image",
          "assetId": "Cs0dXzqW-iiv",
          "checksum": "5b9d11e58882fc214f969ce9834f8ccf"
        },
        {
          "type": "image",
          "assetId": "m57cOyzxMt8j",
          "checksum": "e02d7b9b0b4be68f4a6fc1534f56a7b8"
        },
        {
          "type": "image",
          "assetId": "24RPSpoyr_rF",
          "checksum": "53cdf34e458d15620ea81158d5d63208"
        },
        {
          "type": "image",
          "assetId": "2Ur8dG6oQ4jJ",
          "checksum": "5daed035d132b1e6cd6eaab339658c53"
        },
        {
          "type": "image",
          "assetId": "nK2VB1clYwNR",
          "checksum": "0a7b215fa22f7a7b27b5ab0bd27b9052"
        },
        {
          "type": "image",
          "assetId": "QUg39UG47iiQ",
          "checksum": "d605eede0dcfef46f2a73d836004f98b"
        },
        {
          "type": "image",
          "assetId": "zJRDK9nkdiyp",
          "checksum": "9a3e2e50464a5d6d3c3b926c7352f814"
        },
        {
          "type": "image",
          "assetId": "l-8csKwQE9OX",
          "checksum": "4ea1fa059c3e081ea3cc9b2afe33ee9f"
        },
        {
          "type": "image",
          "assetId": "9XZT5BfF21yQ",
          "checksum": "0814d53822e5a99f6dcb5607c7d79579"
        },
        {
          "type": "image",
          "assetId": "K8F0CK7W-aLL",
          "checksum": "749752bb69f0fc1dee3ac7e9979449a7"
        },
        {
          "type": "image",
          "assetId": "-Dmm9O6Jdx1G",
          "checksum": "1fe7f61e1adc8811d274dd4f7d4fe9c2"
        },
        {
          "type": "image",
          "assetId": "f677PfFY657m",
          "checksum": "aade81edb03ee0dadb262a98b357cdb9"
        },
        {
          "type": "image",
          "assetId": "kDhBfZXIRnMW",
          "checksum": "1b8e3c5faeb1d112573b09fa70bb27ac"
        },
        {
          "type": "image",
          "assetId": "e8e5AFYTdyAd",
          "checksum": "0a63e75547ac6d11eb698c4aa8ac562b"
        },
        {
          "type": "image",
          "assetId": "6CcTYGjAT28s",
          "checksum": "24974045d8b6641056c5a303ab58f665"
        },
        {
          "type": "image",
          "assetId": "YZwRBgTmpTCy",
          "checksum": "696fe8c53f9f9b2f00d2c48dd0cb4d02"
        },
        {
          "type": "image",
          "assetId": "NsCwFnAwEhbO",
          "checksum": "09cf70d40a81d7e413144d01218afb66"
        },
        {
          "type": "image",
          "assetId": "ut-rKLu-cXGi",
          "checksum": "7eb520375e751f07eebdcaa77ddd2d79"
        },
        {
          "type": "image",
          "assetId": "n2i7nSAS4MWg",
          "checksum": "646e9823453f8d007a1432bdba3885b7"
        },
        {
          "type": "image",
          "assetId": "ltvOaiBRsUKb",
          "checksum": "d8ae52c88ab9f2f2e5ac512df03b41ac"
        },
        {
          "type": "image",
          "assetId": "lPhGkjDSWoqr",
          "checksum": "8006e3e8b13b10a8fabbcf0127d7d0fa"
        },
        {
          "type": "image",
          "assetId": "Cgr3iIH_Mmyh",
          "checksum": "e6e33a7ce178806b4c2212eac70a4a6d"
        },
        {
          "type": "image",
          "assetId": "wIq7PPSQjI13",
          "checksum": "80137b18327a9d9b863af8d04435dc5b"
        },
        {
          "type": "image",
          "assetId": "AnI_WvzQO6UW",
          "checksum": "e813b3e2dfa98b326a8a7f8688142bc6"
        },
        {
          "type": "image",
          "assetId": "2Kpe5ZfmF57S",
          "checksum": "c1ffa9311e70def83d8e73674a16a813"
        },
        {
          "type": "image",
          "assetId": "NN-2fm8HLb2A",
          "checksum": "ce2bbcf1644e5848f1ac2d4065cb2273"
        },
        {
          "type": "image",
          "assetId": "KrYpxH8WhZQZ",
          "checksum": "d780b00cb22b5664a000fafc0d892a47"
        },
        {
          "type": "image",
          "assetId": "BzF_KmD4A2v3",
          "checksum": "5dd88aba06a810974ec159c99b526aef"
        },
        {
          "type": "image",
          "assetId": "Tv8o5vaQs9wd",
          "checksum": "5f5164f3e6a4440702e53cd4f5db1be2"
        },
        {
          "type": "image",
          "assetId": "ZdrulEeCClRV",
          "checksum": "4ac3051c93056ad4aefa16e8f6345cb6"
        },
        {
          "type": "image",
          "assetId": "xF-saQi7aSej",
          "checksum": "a3f5f5cf212b5f9f623d5b33f1f6c04b"
        },
        {
          "type": "image",
          "assetId": "0oUgd9bR57bt",
          "checksum": "1d9d01433bda2819b1b8d8be59a3b77c"
        },
        {
          "type": "image",
          "assetId": "ZICovteAtEOS",
          "checksum": "f4c4db2b18c05e754a24a020e676e648"
        },
        {
          "type": "image",
          "assetId": "q1SRd4LxGzZu",
          "checksum": "a8aab8f6b08c6523c5789d9ae7bf0184"
        },
        {
          "type": "image",
          "assetId": "jqecomi7C5Og",
          "checksum": "e085c9674b40d5ada6b38c9140a03745"
        },
        {
          "type": "image",
          "assetId": "-YbrFucNTonm",
          "checksum": "5cc1ac6abcc369717194a38b175c5e7b"
        },
        {
          "type": "image",
          "assetId": "-xX4OPrrNF_a",
          "checksum": "b5b1de2ba29b97732c0868bb3a32366b"
        },
        {
          "type": "image",
          "assetId": "yZe9D47CUBit",
          "checksum": "3a8df7abe0ef9fcf05f8b4d9a823621e"
        },
        {
          "type": "image",
          "assetId": "rKDoFoH2S3yY",
          "checksum": "5569634eb6fe155b93dbf406ff4a0275"
        },
        {
          "type": "image",
          "assetId": "w5dClwl4gyb6",
          "checksum": "ba7441ead34157b5eec6f4b2ac750ea8"
        },
        {
          "type": "image",
          "assetId": "mqMrk4Co-fq-",
          "checksum": "fbbef3df13f8b9b789b36470641c0be2"
        },
        {
          "type": "image",
          "assetId": "guakIggspZub",
          "checksum": "5e62127909686579f1332995fdf25c2f"
        },
        {
          "type": "image",
          "assetId": "-2VWX5H2gbnV",
          "checksum": "3b1a1cdeb08a50c345a2e32d264be4cc"
        },
        {
          "type": "image",
          "assetId": "wFemgm4cLbFK",
          "checksum": "6685e77ff27ba9e8d5cc141c284ceda3"
        },
        {
          "type": "image",
          "assetId": "FSnFCRiL0bq6",
          "checksum": "1af85e8c42c9dbbfd351c1acbcb6a232"
        },
        {
          "type": "image",
          "assetId": "94aBTfMixWGS",
          "checksum": "38416562e783dcfbcd3ea349a4e2183c"
        },
        {
          "type": "image",
          "assetId": "RqHy823VJWUX",
          "checksum": "ab441a60f6caf44a2369b933c62d22e6"
        },
        {
          "type": "image",
          "assetId": "nZj4LIGorPLU",
          "checksum": "8a4ca07f036f99726b98e61f518260b1"
        },
        {
          "type": "image",
          "assetId": "V2wgub5S08xe",
          "checksum": "600c8b2a70068e71d2f632b98f7faea3"
        },
        {
          "type": "image",
          "assetId": "fzayw3i0toIi",
          "checksum": "307aca02e1086071d8ea4c1cc850d1c0"
        },
        {
          "type": "image",
          "assetId": "w8umXMO8wW4_",
          "checksum": "e7e17b6e3659785e080ff4599622c8db"
        },
        {
          "type": "image",
          "assetId": "nG8JJhbJEfCF",
          "checksum": "bb3da925cf80aeb89e35a8f4bd4aa0d6"
        },
        {
          "type": "image",
          "assetId": "d9tfdiqagVUs",
          "checksum": "64bee452b13f6b6bf3f5add84e64b22b"
        },
        {
          "type": "image",
          "assetId": "HtMEzkOqUOtz",
          "checksum": "bd67eaeb8e183fd8a1d28fa1da51714b"
        },
        {
          "type": "image",
          "assetId": "UzQWHz_UGpgw",
          "checksum": "ede5ccc56901e1b0e8cfbe13b4ba2d61"
        },
        {
          "type": "image",
          "assetId": "2WaahyVtyrCL",
          "checksum": "d93bd339982c7499647d1d4b14b90f21"
        },
        {
          "type": "image",
          "assetId": "dXRyQLC31b-9",
          "checksum": "e271f4fd3aa100f956fb9e23a1ef6217"
        },
        {
          "type": "image",
          "assetId": "B4sI8XPsNxUE",
          "checksum": "69033bad29da614a605fedb516c1a496"
        },
        {
          "type": "image",
          "assetId": "R7_hOCCuc2pF",
          "checksum": "7938840b6466525c404b13d4035d3944"
        },
        {
          "type": "image",
          "assetId": "Z3F8FdVrDsLo",
          "checksum": "c0f195c54745df36dd8519f604444f3b"
        },
        {
          "type": "image",
          "assetId": "sO4RYIiCuZj4",
          "checksum": "6be97eed5d05a16ab42c7569a9a16ff1"
        },
        {
          "type": "image",
          "assetId": "GOwzD_FgHa3w",
          "checksum": "b4fdfe4c4a4ed468d5e42fa43562ab16"
        },
        {
          "type": "image",
          "assetId": "9A1Cs09G3Bf2",
          "checksum": "c11874848f51e3bd4630d4873f96910a"
        },
        {
          "type": "image",
          "assetId": "iZmK2EEz8PJc",
          "checksum": "b2d9e11bcfea4142510f815c540c2b2f"
        },
        {
          "type": "image",
          "assetId": "aaDBojGFaqXh",
          "checksum": "a793150d911aa9682125abd041baf7bd"
        },
        {
          "type": "image",
          "assetId": "W6k0P0j7DKqd",
          "checksum": "614c0ecc02021a2db4d4790cbca23b99"
        },
        {
          "type": "image",
          "assetId": "BifHqjpIMlP4",
          "checksum": "3670a888bf38ca23c45968675fd59f44"
        },
        {
          "type": "image",
          "assetId": "mEYZHLbZOo86",
          "checksum": "44606b349d3364d115312aae8e8ce529"
        },
        {
          "type": "image",
          "assetId": "fW_VxCB0arPT",
          "checksum": "a24c8905ada7975fe76efcb3ba2ae024"
        },
        {
          "type": "image",
          "assetId": "sK9tfaRwF5kM",
          "checksum": "70a70313bef867d05c69465299bed298"
        },
        {
          "type": "image",
          "assetId": "zKhyBhnonlWX",
          "checksum": "4a8c17c177221be4767876b46c9fc3e3"
        },
        {
          "type": "image",
          "assetId": "BSNAGIUhQ_4U",
          "checksum": "a4c35f159c72f505f1c4e8361d92a025"
        },
        {
          "type": "image",
          "assetId": "NXAApz3oTspX",
          "checksum": "ed0261a650432a3901f2f4a9f6dca4ed"
        },
        {
          "type": "image",
          "assetId": "wnQyrMqpOB7X",
          "checksum": "4062c8358190c196bd4b3eca02946776"
        },
        {
          "type": "image",
          "assetId": "lPBHckO3xWj2",
          "checksum": "017e5c94242e9f969f1d773b1ebf11a8"
        },
        {
          "type": "image",
          "assetId": "jwhCSrS_xfIg",
          "checksum": "7925a5134864e5c71e919adc13d9ebed"
        },
        {
          "type": "image",
          "assetId": "kUf1UScQI6AL",
          "checksum": "4d9c71c4e965d9fb9c7718a4a96a3772"
        },
        {
          "type": "image",
          "assetId": "ma_K2SbQ8IRo",
          "checksum": "e97457ef36929a7053dcb3cd5957c6b6"
        },
        {
          "type": "image",
          "assetId": "lK3G2-T0mEDd",
          "checksum": "b02f5aaad4c2187f8787df3a5c18e019"
        },
        {
          "type": "image",
          "assetId": "uXNkRvHIe7Mw",
          "checksum": "80e8467df7d587d371a8d63cdc319f05"
        },
        {
          "type": "image",
          "assetId": "0-B-5qHfz0qD",
          "checksum": "81002157280542ea768e661099886f0f"
        },
        {
          "type": "image",
          "assetId": "WoTdY070yYoY",
          "checksum": "fc84c807a76242b56856e2c477b1a7bf"
        },
        {
          "type": "image",
          "assetId": "-nnAUjZjtZNS",
          "checksum": "15d05e848ab7ddf352dee60b6a77a86e"
        },
        {
          "type": "image",
          "assetId": "nHqfgcDU_Wys",
          "checksum": "93eba2f3638f89b274fc1a37f86f9b1b"
        },
        {
          "type": "image",
          "assetId": "kXtTvBPlQ1Qc",
          "checksum": "064f743130f767943a598cfe35ee9f7d"
        },
        {
          "type": "image",
          "assetId": "tTsn_I9wjkr1",
          "checksum": "abfdc13dadf6ab2b8dab685586c0928c"
        },
        {
          "type": "image",
          "assetId": "mi4kobhooIjo",
          "checksum": "d7d8d3852765e861a92dae972ef80332"
        },
        {
          "type": "image",
          "assetId": "LNyqTZgkz2Ik",
          "checksum": "f8d43897db52c9e4f47f6c37710f8d44"
        },
        {
          "type": "image",
          "assetId": "YT7Hhxo_zBps",
          "checksum": "beefde778b228fbf6bc8f58d9dd791b6"
        },
        {
          "type": "image",
          "assetId": "CHM8bEhemy09",
          "checksum": "5562736b28fa975ea2d34e0166f50135"
        },
        {
          "type": "image",
          "assetId": "S5xL4XH__UP2",
          "checksum": "d06406853aebb861c1b2f0f57c4fb50a"
        },
        {
          "type": "image",
          "assetId": "r-fTJ5c5__Hy",
          "checksum": "f2c3bc4e4f35b72846c5b44a6e1a070b"
        },
        {
          "type": "image",
          "assetId": "Oh-lC-xXmeXj",
          "checksum": "ea56b94b2eeccf91a27532e9d6fdb6ac"
        },
        {
          "type": "image",
          "assetId": "dmNJ93LQspfd",
          "checksum": "6c3940ff028441297382e8e812faaf72"
        },
        {
          "type": "image",
          "assetId": "owMjAYA-7wPJ",
          "checksum": "35c88621450a77abaf452af11c866bba"
        },
        {
          "type": "image",
          "assetId": "JC0RFdeAs6Wu",
          "checksum": "6ecce5d484485f17e9c4802630957ffb"
        },
        {
          "type": "image",
          "assetId": "lVvSq17CEPry",
          "checksum": "a926ffaf0b98c49db1944e28ff207cc6"
        },
        {
          "type": "image",
          "assetId": "4o7Ens5rBv0e",
          "checksum": "143ceaee3b6155765e1aeeb4b5d3c0b9"
        },
        {
          "type": "image",
          "assetId": "juJng5XZjEby",
          "checksum": "765ee34e51d0a9854cdea330cbdc31fb"
        },
        {
          "type": "image",
          "assetId": "NrLwFXgaK9bx",
          "checksum": "92eccc783b5dfa6e1ce2797c9539b4a3"
        },
        {
          "type": "image",
          "assetId": "32udDGceIDZ9",
          "checksum": "63dae75f86600d981ab914694ddb9599"
        },
        {
          "type": "image",
          "assetId": "giYYZT05BYqL",
          "checksum": "4cd358527ad34e2d2c87f19e70c72271"
        },
        {
          "type": "image",
          "assetId": "v4qZc6WiERrq",
          "checksum": "7f77a08446a80c6d4a687cb9e43f37aa"
        },
        {
          "type": "image",
          "assetId": "CMyVj2GPbKFm",
          "checksum": "844e1990e334bfea5237cba91cda4989"
        },
        {
          "type": "image",
          "assetId": "q8js1_Vfmalp",
          "checksum": "7ec28adaca3ce40536c9877b41b11496"
        },
        {
          "type": "image",
          "assetId": "2Kd0YCZmId0j",
          "checksum": "c714045b0a05a43bc46018ff8b14423b"
        },
        {
          "type": "image",
          "assetId": "XSxXXrAZJiyw",
          "checksum": "29a4886945261569a67454698ad39fc9"
        },
        {
          "type": "image",
          "assetId": "GmHDljWhkdjl",
          "checksum": "0e10cb606f5823a7be923d5edd9d038e"
        },
        {
          "type": "image",
          "assetId": "dfKrXy-PvGGr",
          "checksum": "542b71bae1fb9e1c2c38888caaf46fc2"
        },
        {
          "type": "image",
          "assetId": "FtCoXbVGHIcD",
          "checksum": "919029fb3d9c219742642b0a4c51dd15"
        },
        {
          "type": "image",
          "assetId": "KR8KSPWafIlw",
          "checksum": "b47a5cfa5590c970e995b5ddde0c071f"
        },
        {
          "type": "image",
          "assetId": "LEVWVHMYjWeM",
          "checksum": "1b5507f54012b3fd8c0e5a580485a490"
        },
        {
          "type": "image",
          "assetId": "1XwRsLXC2DIP",
          "checksum": "b23f03dcbcbf6d5458355a18084d1424"
        },
        {
          "type": "image",
          "assetId": "pjoLz9qq4Xc9",
          "checksum": "db42e460d5f488b80bd4b81a364525b8"
        },
        {
          "type": "image",
          "assetId": "y4Olaea_my48",
          "checksum": "d515a8691505d3c99c8ceda331ea02f9"
        },
        {
          "type": "image",
          "assetId": "PC3leMc6D_EN",
          "checksum": "578e13b7f0ec3c79c1a5d9ffdf53d4db"
        },
        {
          "type": "image",
          "assetId": "u1k9Wl_aEphd",
          "checksum": "6434853fbf7f7be6997bb4939518fcfa"
        },
        {
          "type": "image",
          "assetId": "Dpt7HmWCbNHp",
          "checksum": "36e04e6cb592fbdc118de7bcbfcfc8d3"
        },
        {
          "type": "image",
          "assetId": "zjwV2wHPK8GX",
          "checksum": "94cec01aabbf9aac9dd8502b07a44c74"
        },
        {
          "type": "image",
          "assetId": "OemoGFkw1La1",
          "checksum": "973d7d671a7ad94976d8358ef2d0cca6"
        },
        {
          "type": "image",
          "assetId": "SLVaepCO_C69",
          "checksum": "5e955e53b80a31a393c4ede3fe5ad41d"
        },
        {
          "type": "image",
          "assetId": "8yTGk3hVNBd_",
          "checksum": "30f2c6dea4c44875f3036a7e08f566c9"
        },
        {
          "type": "image",
          "assetId": "5YtANyOEHKjk",
          "checksum": "ad3b163791e2e4bdbf20054e43332822"
        },
        {
          "type": "image",
          "assetId": "QF5gW2cWwHmU",
          "checksum": "ea429e5f53d418f6102b8dd8915a7df8"
        },
        {
          "type": "image",
          "assetId": "QQfX2aP0OmWw",
          "checksum": "e9a441ecf8ea039662d8ab716b3f23c8"
        },
        {
          "type": "image",
          "assetId": "a1fbZW8yuZFN",
          "checksum": "741babdcb5a53c9dd0a584c83d086a04"
        },
        {
          "type": "image",
          "assetId": "bQlbU-d5G9fb",
          "checksum": "de6731ba43876624266631f3cd70dc71"
        },
        {
          "type": "image",
          "assetId": "-n65MPHxwAhr",
          "checksum": "b4df72aafa3c81abfe020f28b2c99f01"
        },
        {
          "type": "image",
          "assetId": "8AEJokWPx65u",
          "checksum": "1e8fb4f8cc1c142436a00a4bc8b7b29b"
        },
        {
          "type": "image",
          "assetId": "VUM6nMuAYgpA",
          "checksum": "6643ffd36f5871b8285946896cabbc4f"
        },
        {
          "type": "image",
          "assetId": "c2I2tX3zkd_K",
          "checksum": "521e3f4542264e7597a1a601e2f89b38"
        },
        {
          "type": "image",
          "assetId": "auOEwvS3FOHn",
          "checksum": "27a1e55be55d3e5d3988e157830c3933"
        },
        {
          "type": "image",
          "assetId": "3qZLBhn1O-p8",
          "checksum": "df24dff8474b42374f15ca6c9b362b94"
        },
        {
          "type": "renderModule",
          "assetId": "RcHn-zogqU8S",
          "checksum": "76cd0b63c87f108f632bb870476674bd"
        },
        {
          "type": "cssRules",
          "assetId": "RcHn-zogqU8S",
          "checksum": "76cd0b63c87f108f632bb870476674bd"
        },
        {
          "type": "icon",
          "assetId": "hUAVJ6zTbYEb",
          "checksum": "bb5bb385f095c65784628d8fd15eaa75"
        },
        {
          "type": "icon",
          "assetId": "7y5SMkqD67od",
          "checksum": "1324b052721d157a29353b8e113d841f"
        },
        {
          "assetId": "j4GFx2qhbcsQ1YV8DmhFQd",
          "type": "projectCss",
          "checksum": "529a4f0ff7afec6da2d682c5dc81a2a1"
        }
      ],
      "codegenVersion": "0.0.1"
    },
    {
      "projectId": "sqPBLwEBBKHA2WDuGb17eV",
      "version": "2.1.0",
      "dependencies": {},
      "lang": "ts",
      "fileLocks": [
        {
          "assetId": "sqPBLwEBBKHA2WDuGb17eV",
          "type": "projectCss",
          "checksum": "1c02168c6b23256606111fdfdbb63549"
        },
        {
          "type": "renderModule",
          "assetId": "5nirPCGmCnRD",
          "checksum": "944899a390715e7a4393b01810b61cba"
        },
        {
          "type": "cssRules",
          "assetId": "5nirPCGmCnRD",
          "checksum": "944899a390715e7a4393b01810b61cba"
        },
        {
          "type": "icon",
          "assetId": "Wyt3GMMsLefj",
          "checksum": "d2b1886763aa016780501d0c22f50b5e"
        },
        {
          "type": "icon",
          "assetId": "MbDRsJU0e3bw",
          "checksum": "92672aa6935120ebaac11939d8d127bb"
        }
      ],
      "codegenVersion": "0.0.1"
    }
  ],
  "cliVersion": "0.1.334"
}
