{
  "projects": [
    {
      "projectId": "j4GFx2qhbcsQ1YV8DmhFQd",
      "version": "latest",
      "dependencies": {},
      "lang": "ts",
      "fileLocks": [
        {
          "type": "globalVariant",
          "assetId": "r3RQgMpnC9nN",
          "checksum": "106be8bfe6b3440f0a56fd3ff81b6b01"
        },
        {
          "type": "renderModule",
          "assetId": "RQd2XImogh94",
          "checksum": "457ba6e1c95b1d9f3abcf1e405aa38a8"
        },
        {
          "type": "cssRules",
          "assetId": "RQd2XImogh94",
          "checksum": "457ba6e1c95b1d9f3abcf1e405aa38a8"
        },
        {
          "type": "icon",
          "assetId": "oCHfsnbRGB5V",
          "checksum": "3be500abcd7d32553ca726d16ee80dff"
        },
        {
          "type": "icon",
          "assetId": "DPSjUqfmsQUP",
          "checksum": "2afc94d86f1ff60d5b3f4739b1776669"
        },
        {
          "type": "icon",
          "assetId": "sptXliGkU9fG",
          "checksum": "94cfc3c50ed343d0cbda9254bb2fa8f2"
        },
        {
          "type": "icon",
          "assetId": "UGRoytIv-udN",
          "checksum": "458bed9db997d45c6c6e0fca157968c2"
        },
        {
          "type": "icon",
          "assetId": "9JomkNa53R_E",
          "checksum": "e8a1841e230819067c79a2dfd818da66"
        },
        {
          "type": "icon",
          "assetId": "ynnVXEyJ_6Cm",
          "checksum": "96fdf724f6af29ce5e22ebf1ef710661"
        },
        {
          "type": "icon",
          "assetId": "w1NM-70RMc0q",
          "checksum": "9fb8e290d95f4d7641c9406c26e080c0"
        },
        {
          "type": "icon",
          "assetId": "SiXCuAZVEwcU",
          "checksum": "172991e965bc43ad3456e146ccf0f73d"
        },
        {
          "type": "icon",
          "assetId": "3G8CUUcsNiiA",
          "checksum": "29e18f0972c26a2daaacf05e7c96f594"
        },
        {
          "type": "icon",
          "assetId": "yB6Ys4h6jbdo",
          "checksum": "4d2c6708dd9b644ac27b1928749a4484"
        },
        {
          "type": "icon",
          "assetId": "lxly0Kb7OcXE",
          "checksum": "d29d08db17f62739ca79f9aa795b02d5"
        },
        {
          "type": "icon",
          "assetId": "rTS2SR437x95",
          "checksum": "3f35ba73f2b67e462e1fe43e8f2bd224"
        },
        {
          "type": "icon",
          "assetId": "QdZwyhgzj-pW",
          "checksum": "2ecf3b387ab1fc9045485046aa995cd3"
        },
        {
          "type": "icon",
          "assetId": "N58okLyozmbv",
          "checksum": "942ac1ece8828d72831d0b2596d6e879"
        },
        {
          "type": "icon",
          "assetId": "DNOC6vxVbV8N",
          "checksum": "057eebfc5f4ea78c884fd638564ebf33"
        },
        {
          "type": "icon",
          "assetId": "NIF2aiaK3uBm",
          "checksum": "0df5102406aafeb99229253458804e14"
        },
        {
          "type": "icon",
          "assetId": "XOQaIELOty3Q",
          "checksum": "40bf3a30e4a146d2f74551e37f181724"
        },
        {
          "type": "icon",
          "assetId": "atlq18mI0NAN",
          "checksum": "c2bfee18df2ecc0741d67433e4f60769"
        },
        {
          "type": "icon",
          "assetId": "QXmiVSg96wai",
          "checksum": "266c80095f0629988de0859393a62625"
        },
        {
          "type": "icon",
          "assetId": "YWIB4w_9Dn5r",
          "checksum": "71ea825fe8070b3e5d77ffb7b5eae3da"
        },
        {
          "type": "icon",
          "assetId": "5TA5yLxk0Kx8",
          "checksum": "72bfa17669deca3a57171943390ccac7"
        },
        {
          "type": "icon",
          "assetId": "VvCGjBgFEH9x",
          "checksum": "b2523a2b18fb5d6c9cf04f0ed8a987d8"
        },
        {
          "type": "icon",
          "assetId": "SKU_JWrzyJU6",
          "checksum": "d2bc000c4db19abdff41fbd053906163"
        },
        {
          "type": "icon",
          "assetId": "-xoaOaOFTMQ8",
          "checksum": "f7ca08ab8a001f82fa732715a874f7ce"
        },
        {
          "type": "icon",
          "assetId": "F5N2_nzqOVyZ",
          "checksum": "a4e409eee1e670139b1f730c5cb7fa9a"
        },
        {
          "type": "icon",
          "assetId": "ZzkoGzLKYh9Q",
          "checksum": "fcac64fe3ee3735674e12d92433157e2"
        },
        {
          "type": "icon",
          "assetId": "KuEJB3RLDllF",
          "checksum": "831b3a7c8b420bc2f5113e6844a4d338"
        },
        {
          "type": "icon",
          "assetId": "vPhJ0DuJr_A3",
          "checksum": "7db075aabbd0675e7aa57cbdd8c45d2b"
        },
        {
          "type": "icon",
          "assetId": "VoimnJqy_qgX",
          "checksum": "3d2bf7ece0177d710b3ad058b0e71e0d"
        },
        {
          "type": "icon",
          "assetId": "XKu-KewqkgEE",
          "checksum": "944fb28713437f2edac58e4a6bada316"
        },
        {
          "type": "icon",
          "assetId": "QucgMeDiSm0k",
          "checksum": "5912ccd3b3f8ccf4f100269854747825"
        },
        {
          "type": "icon",
          "assetId": "8Dm1cFHBBuar",
          "checksum": "ccadba7b57a9199d381e55a99c830d38"
        },
        {
          "type": "icon",
          "assetId": "Mzm3h3uRjmTX",
          "checksum": "c970f14382a116e47d0a86212f5dd875"
        },
        {
          "type": "icon",
          "assetId": "zzGjSDx0XDLc",
          "checksum": "a6c5a2ccea7ecb93f30f61d4bb784c33"
        },
        {
          "type": "icon",
          "assetId": "_V4qVTjqf_Tn",
          "checksum": "bcb79b92a4607f013e0b6890f13da0a9"
        },
        {
          "type": "icon",
          "assetId": "0dz_HaZ1uy0s",
          "checksum": "4b9d1078fa3d5e0ba042c53f400680c7"
        },
        {
          "type": "icon",
          "assetId": "JAYksmq7S8jH",
          "checksum": "3bbbb1df5cc599022dd5668d1cfe1c32"
        },
        {
          "type": "icon",
          "assetId": "zM2hrq7yBsjG",
          "checksum": "f541c5f7070cf12d52cfd12a0b60491d"
        },
        {
          "type": "icon",
          "assetId": "4M0veT1mrmP7",
          "checksum": "5382b4e7274c4b6a26968e278a171b66"
        },
        {
          "type": "icon",
          "assetId": "q37D0OvWdpCP",
          "checksum": "5b680624bf5a97f2811d12b0ae2d89d6"
        },
        {
          "type": "icon",
          "assetId": "uRBzpXHg3mUX",
          "checksum": "e2aadb96cbac76375cfe7667906dbe9f"
        },
        {
          "type": "icon",
          "assetId": "YAPvCgKqWdwZ",
          "checksum": "613880dade4ae16a1d3b2729d1ce5e10"
        },
        {
          "type": "icon",
          "assetId": "j0KzmVmYoPAM",
          "checksum": "f3f72bca6ecfeb38492d96f9b22c3e6f"
        },
        {
          "type": "icon",
          "assetId": "1NNlRzhjSXLa",
          "checksum": "8c65c46eec61f6b055da82a7e8254697"
        },
        {
          "type": "icon",
          "assetId": "KyIDv1fqCU55",
          "checksum": "505c9d6fe75628d548c5cb4b9cc4526f"
        },
        {
          "type": "icon",
          "assetId": "iMwD-YcrdHtg",
          "checksum": "0907005386c09fd5d6e60780b51ebc8e"
        },
        {
          "type": "icon",
          "assetId": "rE1CDiRK-EcY",
          "checksum": "c2de868732b806f2e768d2dcc3df3a21"
        },
        {
          "type": "icon",
          "assetId": "4YnuvHs4d0X6",
          "checksum": "b19e18b1823084f77a6738121bdd3a6d"
        },
        {
          "type": "icon",
          "assetId": "3OLZOhnLymx_",
          "checksum": "ee9e44c3ef1fb360bff32f2d5fcdc9d5"
        },
        {
          "type": "icon",
          "assetId": "KHel2yfbxvB1",
          "checksum": "3501b1e904dcfa53793bad64eb1fdab0"
        },
        {
          "type": "icon",
          "assetId": "zSEOhGiJKRlJ",
          "checksum": "dfc5ed3fdcacb3e1382a03ae55c8f47e"
        },
        {
          "type": "icon",
          "assetId": "sCcDuSPeBJuN",
          "checksum": "beeb9422da8b5fce303814921bb529b2"
        },
        {
          "type": "icon",
          "assetId": "y-cy5vySo7hP",
          "checksum": "7bb1e2d85352ecfaba3734b2a81b9218"
        },
        {
          "type": "icon",
          "assetId": "T3bPBoQEzDH9",
          "checksum": "6fd5c394a2985f050904ec4d762db099"
        },
        {
          "type": "icon",
          "assetId": "ee5U8zB-Sr6a",
          "checksum": "94715326826ed7a3a3212eedf5a0b0d6"
        },
        {
          "type": "icon",
          "assetId": "E_s1H7MSF2e6",
          "checksum": "1bd00b8b068a398612136e58e218fffd"
        },
        {
          "type": "icon",
          "assetId": "9gtkbJzlQESH",
          "checksum": "65d34ee2cc5208b03be27230bd08bd22"
        },
        {
          "type": "icon",
          "assetId": "vTSWdAVJqRG8",
          "checksum": "f45235a3b9667f3f62629f1b145d6aac"
        },
        {
          "type": "icon",
          "assetId": "ipHZoytxTWjK",
          "checksum": "867a52c64f591ca26a1959fe54b3b3d0"
        },
        {
          "type": "icon",
          "assetId": "Y-6QbUjgDpla",
          "checksum": "8dc81095bf1773b93088a9867b0e0a60"
        },
        {
          "type": "icon",
          "assetId": "niy3O1TA7fAk",
          "checksum": "da1284ea52b949a72dc280387422be21"
        },
        {
          "type": "icon",
          "assetId": "AJdjOFYfmMCh",
          "checksum": "776470784676464f96e74921b924523f"
        },
        {
          "type": "icon",
          "assetId": "yCOd4J4qaDmo",
          "checksum": "9a3a47c64bd2d8715e6c2aa42f922a51"
        },
        {
          "type": "icon",
          "assetId": "mhoXVbd7gg3J",
          "checksum": "ea1bfdca1f3e47734aecc570835581af"
        },
        {
          "type": "icon",
          "assetId": "Eou185h56IOv",
          "checksum": "e6f905a5777f2ba1fb12eb7f51446649"
        },
        {
          "type": "icon",
          "assetId": "92n7i0YPY6ml",
          "checksum": "915f80f4c66e96830ff5040279eddf8e"
        },
        {
          "type": "icon",
          "assetId": "AwPRcrCq2lH1",
          "checksum": "fa4fd13b6d697cd2a761760e0d396f02"
        },
        {
          "type": "icon",
          "assetId": "VT516HGObYZq",
          "checksum": "1ba8af6604f9a713f6c0d6877dec38b9"
        },
        {
          "type": "icon",
          "assetId": "TdynzJbZuPoT",
          "checksum": "8b701d832b37a3eb991e0f7901d67743"
        },
        {
          "type": "icon",
          "assetId": "TcRo6-EEb7FC",
          "checksum": "5f7f88cd887165051a28be705a798667"
        },
        {
          "type": "icon",
          "assetId": "WvINU8rrZHA6",
          "checksum": "7de02e0de450c30323231feaa1aed6bd"
        },
        {
          "type": "icon",
          "assetId": "CcALgCWfr_BC",
          "checksum": "490b50de4c0fe53db5585af84f705567"
        },
        {
          "type": "icon",
          "assetId": "iEqvuzsc1LCN",
          "checksum": "fbd93a8d1b6fee1b219ec33f9ebe4bd5"
        },
        {
          "type": "image",
          "assetId": "BJ20rEQIKL8X",
          "checksum": "ce114c15733dad6e99d25dbf4992db18"
        },
        {
          "type": "image",
          "assetId": "m1pL-KeNHX--",
          "checksum": "a44bb91a82c33fca1ff3e1cf68b92dfd"
        },
        {
          "type": "image",
          "assetId": "MXPiPoxJKMGA",
          "checksum": "4752241adfe63f989d7a2314752a6d0c"
        },
        {
          "type": "image",
          "assetId": "3PK9v1hCbMdD",
          "checksum": "f1a45b1f418fa424f87f80370080ffd0"
        },
        {
          "type": "image",
          "assetId": "mgfqxIiPc7wx",
          "checksum": "1ba0c923344edb97d94c89d6cb3873bd"
        },
        {
          "type": "image",
          "assetId": "N1963i07L2gI",
          "checksum": "21b3d09fe499f8e4ca42f42484f0089c"
        },
        {
          "type": "image",
          "assetId": "7lOg_K-0HiRQ",
          "checksum": "7926d8a7e9ad0103dc15e4442b7e6682"
        },
        {
          "type": "image",
          "assetId": "im91lK_KtyyD",
          "checksum": "a44ed99907eed0a8d365238947e0a627"
        },
        {
          "type": "image",
          "assetId": "BBcyvm7ajcD2",
          "checksum": "d20ed7cde545b8deea83c0d0b9dc32bf"
        },
        {
          "type": "image",
          "assetId": "Ipo0b3yjzkCb",
          "checksum": "025d24f582cf91d47e236d6b2e873dae"
        },
        {
          "type": "image",
          "assetId": "pijfG9NRAg8t",
          "checksum": "94894c2e02aaa7830d34c383b034a529"
        },
        {
          "type": "image",
          "assetId": "OJLRPIxgKWsf",
          "checksum": "78eb7ed8039977ca9ebbe6f530faf3ea"
        },
        {
          "type": "image",
          "assetId": "lhP6bpxocjfV",
          "checksum": "da1e936959f652d279f8a2c4992bda8a"
        },
        {
          "type": "image",
          "assetId": "IM04dDqytZUG",
          "checksum": "81a92d9f95cc4798ab6ed910d1442738"
        },
        {
          "type": "image",
          "assetId": "Dza3OwHbKA19",
          "checksum": "7e2c54ccd1879922cedebd49cd367fdd"
        },
        {
          "type": "image",
          "assetId": "Yzts3rDwLdWx",
          "checksum": "fa437e96d27dfbd9bad87b39840833d3"
        },
        {
          "type": "image",
          "assetId": "m_f08JWqVxeL",
          "checksum": "0061c2b396911ed0dec8ec9436084735"
        },
        {
          "type": "image",
          "assetId": "hJRuTZpp-Ti3",
          "checksum": "b8e75820255362bb46470a4b83123875"
        },
        {
          "type": "image",
          "assetId": "EHh6MkouZQEc",
          "checksum": "77d9f2a68921150c9060c2148deae392"
        },
        {
          "type": "image",
          "assetId": "W2aBRaj60-PJ",
          "checksum": "91075765e34744b4016aaacc1a78e408"
        },
        {
          "type": "image",
          "assetId": "XaOOwmaEdryM",
          "checksum": "a59461313b3220caaab7a00302253062"
        },
        {
          "type": "image",
          "assetId": "zS3dcGFoK21h",
          "checksum": "9361fbc261b7a8ad160a586f765c85b5"
        },
        {
          "assetId": "j4GFx2qhbcsQ1YV8DmhFQd",
          "type": "projectCss",
          "checksum": "feb7a13f4d58e613aa077ffc64d545c1"
        }
      ],
      "codegenVersion": "0.0.1"
    }
  ],
  "cliVersion": "0.1.334"
}
